
Microsoft Visual Studio Solution File, Format Version 12.00
# Visual Studio Version 16
VisualStudioVersion = 16.0.30503.244
MinimumVisualStudioVersion = 10.0.40219.1
Project("{9A19103F-16F7-4668-BE54-9A1E7A4F7556}") = "BorrowIt.Auth", "BorrowIt.Auth\BorrowIt.Auth.csproj", "{66AE9844-5507-4C34-B2D0-A3E3482E67BA}"
EndProject
Project("{9A19103F-16F7-4668-BE54-9A1E7A4F7556}") = "BorrowIt.Auth.Domain", "BorrowIt.Auth.Domain\BorrowIt.Auth.Domain.csproj", "{AE12C4D3-BAE8-4566-BBA4-6D726AD996D9}"
EndProject
Project("{9A19103F-16F7-4668-BE54-9A1E7A4F7556}") = "BorrowIt.Auth.Infrastructure", "BorrowIt.Auth.Infrastructure\BorrowIt.Auth.Infrastructure.csproj", "{32EEA79A-98BD-4B28-BB2D-460952D032F2}"
EndProject
Project("{9A19103F-16F7-4668-BE54-9A1E7A4F7556}") = "BorrowIt.Auth.Application", "BorrowIt.Auth.Application\BorrowIt.Auth.Application.csproj", "{C66E11FD-645E-4F57-B9B8-A31538F35686}"
EndProject
Global
	GlobalSection(SolutionConfigurationPlatforms) = preSolution
		Debug|Any CPU = Debug|Any CPU
		Release|Any CPU = Release|Any CPU
	EndGlobalSection
	GlobalSection(ProjectConfigurationPlatforms) = postSolution
		{66AE9844-5507-4C34-B2D0-A3E3482E67BA}.Debug|Any CPU.ActiveCfg = Debug|Any CPU
		{66AE9844-5507-4C34-B2D0-A3E3482E67BA}.Debug|Any CPU.Build.0 = Debug|Any CPU
		{66AE9844-5507-4C34-B2D0-A3E3482E67BA}.Release|Any CPU.ActiveCfg = Release|Any CPU
		{66AE9844-5507-4C34-B2D0-A3E3482E67BA}.Release|Any CPU.Build.0 = Release|Any CPU
		{AE12C4D3-BAE8-4566-BBA4-6D726AD996D9}.Debug|Any CPU.ActiveCfg = Debug|Any CPU
		{AE12C4D3-BAE8-4566-BBA4-6D726AD996D9}.Debug|Any CPU.Build.0 = Debug|Any CPU
		{AE12C4D3-BAE8-4566-BBA4-6D726AD996D9}.Release|Any CPU.ActiveCfg = Release|Any CPU
		{AE12C4D3-BAE8-4566-BBA4-6D726AD996D9}.Release|Any CPU.Build.0 = Release|Any CPU
		{32EEA79A-98BD-4B28-BB2D-460952D032F2}.Debug|Any CPU.ActiveCfg = Debug|Any CPU
		{32EEA79A-98BD-4B28-BB2D-460952D032F2}.Debug|Any CPU.Build.0 = Debug|Any CPU
		{32EEA79A-98BD-4B28-BB2D-460952D032F2}.Release|Any CPU.ActiveCfg = Release|Any CPU
		{32EEA79A-98BD-4B28-BB2D-460952D032F2}.Release|Any CPU.Build.0 = Release|Any CPU
		{C66E11FD-645E-4F57-B9B8-A31538F35686}.Debug|Any CPU.ActiveCfg = Debug|Any CPU
		{C66E11FD-645E-4F57-B9B8-A31538F35686}.Debug|Any CPU.Build.0 = Debug|Any CPU
		{C66E11FD-645E-4F57-B9B8-A31538F35686}.Release|Any CPU.ActiveCfg = Release|Any CPU
		{C66E11FD-645E-4F57-B9B8-A31538F35686}.Release|Any CPU.Build.0 = Release|Any CPU
	EndGlobalSection
	GlobalSection(SolutionProperties) = preSolution
		HideSolutionNode = FALSE
	EndGlobalSection
	GlobalSection(ExtensibilityGlobals) = postSolution
		SolutionGuid = {AB62C050-CFAC-44A9-8C9C-14244532ACC0}
	EndGlobalSection
EndGlobal
